
Microsoft Visual Studio Solution File, Format Version 12.00
# Visual Studio Version 16
VisualStudioVersion = 16.0.30907.101
MinimumVisualStudioVersion = 10.0.40219.1
Project("{9A19103F-16F7-4668-BE54-9A1E7A4F7556}") = "Entities", "Entities\Entities.csproj", "{4CB5500D-7ADB-4ECB-90E2-6CB07DF7398A}"
EndProject
Project("{9A19103F-16F7-4668-BE54-9A1E7A4F7556}") = "DataAccess", "DataAccess\DataAccess.csproj", "{EF353F43-8438-4F05-8138-44755732057D}"
EndProject
Project("{9A19103F-16F7-4668-BE54-9A1E7A4F7556}") = "Business", "Business\Business.csproj", "{660CB151-D59D-4D0B-834C-DA4AB99D920B}"
EndProject
Project("{9A19103F-16F7-4668-BE54-9A1E7A4F7556}") = "ConsoleUI", "ConsoleUI\ConsoleUI.csproj", "{D375828A-6EAE-43CA-9321-EBE51799ADDE}"
EndProject
Project("{9A19103F-16F7-4668-BE54-9A1E7A4F7556}") = "Core", "Core\Core.csproj", "{FFC4CAC2-ED7F-479E-A792-0CD794F892C2}"
EndProject
Project("{FAE04EC0-301F-11D3-BF4B-00C04F79EFBC}") = "WebAPI", "WebAPI\WebAPI.csproj", "{2DE022D7-5C8D-46F0-B32C-3C2258155637}"
EndProject
Global
	GlobalSection(SolutionConfigurationPlatforms) = preSolution
		Debug|Any CPU = Debug|Any CPU
		Release|Any CPU = Release|Any CPU
	EndGlobalSection
	GlobalSection(ProjectConfigurationPlatforms) = postSolution
		{4CB5500D-7ADB-4ECB-90E2-6CB07DF7398A}.Debug|Any CPU.ActiveCfg = Debug|Any CPU
		{4CB5500D-7ADB-4ECB-90E2-6CB07DF7398A}.Debug|Any CPU.Build.0 = Debug|Any CPU
		{4CB5500D-7ADB-4ECB-90E2-6CB07DF7398A}.Release|Any CPU.ActiveCfg = Release|Any CPU
		{4CB5500D-7ADB-4ECB-90E2-6CB07DF7398A}.Release|Any CPU.Build.0 = Release|Any CPU
		{EF353F43-8438-4F05-8138-44755732057D}.Debug|Any CPU.ActiveCfg = Debug|Any CPU
		{EF353F43-8438-4F05-8138-44755732057D}.Debug|Any CPU.Build.0 = Debug|Any CPU
		{EF353F43-8438-4F05-8138-44755732057D}.Release|Any CPU.ActiveCfg = Release|Any CPU
		{EF353F43-8438-4F05-8138-44755732057D}.Release|Any CPU.Build.0 = Release|Any CPU
		{660CB151-D59D-4D0B-834C-DA4AB99D920B}.Debug|Any CPU.ActiveCfg = Debug|Any CPU
		{660CB151-D59D-4D0B-834C-DA4AB99D920B}.Debug|Any CPU.Build.0 = Debug|Any CPU
		{660CB151-D59D-4D0B-834C-DA4AB99D920B}.Release|Any CPU.ActiveCfg = Release|Any CPU
		{660CB151-D59D-4D0B-834C-DA4AB99D920B}.Release|Any CPU.Build.0 = Release|Any CPU
		{D375828A-6EAE-43CA-9321-EBE51799ADDE}.Debug|Any CPU.ActiveCfg = Debug|Any CPU
		{D375828A-6EAE-43CA-9321-EBE51799ADDE}.Debug|Any CPU.Build.0 = Debug|Any CPU
		{D375828A-6EAE-43CA-9321-EBE51799ADDE}.Release|Any CPU.ActiveCfg = Release|Any CPU
		{D375828A-6EAE-43CA-9321-EBE51799ADDE}.Release|Any CPU.Build.0 = Release|Any CPU
		{FFC4CAC2-ED7F-479E-A792-0CD794F892C2}.Debug|Any CPU.ActiveCfg = Debug|Any CPU
		{FFC4CAC2-ED7F-479E-A792-0CD794F892C2}.Debug|Any CPU.Build.0 = Debug|Any CPU
		{FFC4CAC2-ED7F-479E-A792-0CD794F892C2}.Release|Any CPU.ActiveCfg = Release|Any CPU
		{FFC4CAC2-ED7F-479E-A792-0CD794F892C2}.Release|Any CPU.Build.0 = Release|Any CPU
		{2DE022D7-5C8D-46F0-B32C-3C2258155637}.Debug|Any CPU.ActiveCfg = Debug|Any CPU
		{2DE022D7-5C8D-46F0-B32C-3C2258155637}.Debug|Any CPU.Build.0 = Debug|Any CPU
		{2DE022D7-5C8D-46F0-B32C-3C2258155637}.Release|Any CPU.ActiveCfg = Release|Any CPU
		{2DE022D7-5C8D-46F0-B32C-3C2258155637}.Release|Any CPU.Build.0 = Release|Any CPU
	EndGlobalSection
	GlobalSection(SolutionProperties) = preSolution
		HideSolutionNode = FALSE
	EndGlobalSection
	GlobalSection(ExtensibilityGlobals) = postSolution
		SolutionGuid = {836F24AC-FB01-4AC3-B355-BCF36C31FFE7}
	EndGlobalSection
EndGlobal
